// !$*UTF8*$!
{
	archiveVersion = 1;
	classes = {
	};
	objectVersion = 56;
	objects = {

/* Begin PBXBuildFile section */
		4552E7672B64CFD600EEB0F0 /* SaveModel.swift in Sources */ = {isa = PBXBuildFile; fileRef = 4552E7662B64CFD600EEB0F0 /* SaveModel.swift */; };
		45B3358D2B71E0EE008C037B /* 01_flag_Hokkaido.png in Resources */ = {isa = PBXBuildFile; fileRef = 45B3358C2B71E0EE008C037B /* 01_flag_Hokkaido.png */; };
		45B3358F2B71FA26008C037B /* VisitPillView.swift in Sources */ = {isa = PBXBuildFile; fileRef = 45B3358E2B71FA26008C037B /* VisitPillView.swift */; };
		45F6B6A22B63D05A00931EEB /* jpexApp.swift in Sources */ = {isa = PBXBuildFile; fileRef = 45F6B6A12B63D05A00931EEB /* jpexApp.swift */; };
		45F6B6A42B63D05A00931EEB /* ContentView.swift in Sources */ = {isa = PBXBuildFile; fileRef = 45F6B6A32B63D05A00931EEB /* ContentView.swift */; };
		45F6B6A62B63D05B00931EEB /* Assets.xcassets in Resources */ = {isa = PBXBuildFile; fileRef = 45F6B6A52B63D05B00931EEB /* Assets.xcassets */; };
		45F6B6A92B63D05B00931EEB /* Preview Assets.xcassets in Resources */ = {isa = PBXBuildFile; fileRef = 45F6B6A82B63D05B00931EEB /* Preview Assets.xcassets */; };
		45F6B6B12B63D0D200931EEB /* mie.geojson in Resources */ = {isa = PBXBuildFile; fileRef = 45F6B6B02B63D0D200931EEB /* mie.geojson */; };
		45F6B6B32B63DAAC00931EEB /* Prefecture.swift in Sources */ = {isa = PBXBuildFile; fileRef = 45F6B6B22B63DAAC00931EEB /* Prefecture.swift */; };
		45F6B6B52B63E0E500931EEB /* PrefectureView.swift in Sources */ = {isa = PBXBuildFile; fileRef = 45F6B6B42B63E0E500931EEB /* PrefectureView.swift */; };
		45F6B6B72B63E3C200931EEB /* VisitStatus.swift in Sources */ = {isa = PBXBuildFile; fileRef = 45F6B6B62B63E3C200931EEB /* VisitStatus.swift */; };
		45FB0A3B2B70C6EA00517EF0 /* HomeView.swift in Sources */ = {isa = PBXBuildFile; fileRef = 45FB0A3A2B70C6EA00517EF0 /* HomeView.swift */; };
		45FB0A3D2B70CB9E00517EF0 /* PrefectureSave.swift in Sources */ = {isa = PBXBuildFile; fileRef = 45FB0A3C2B70CB9E00517EF0 /* PrefectureSave.swift */; };
		45FE342A2B723518006BF802 /* ProgressBarView.swift in Sources */ = {isa = PBXBuildFile; fileRef = 45FE34292B723518006BF802 /* ProgressBarView.swift */; };
/* End PBXBuildFile section */

/* Begin PBXFileReference section */
		4552E7662B64CFD600EEB0F0 /* SaveModel.swift */ = {isa = PBXFileReference; lastKnownFileType = sourcecode.swift; path = SaveModel.swift; sourceTree = "<group>"; };
		45B3358C2B71E0EE008C037B /* 01_flag_Hokkaido.png */ = {isa = PBXFileReference; lastKnownFileType = image.png; path = 01_flag_Hokkaido.png; sourceTree = "<group>"; };
		45B3358E2B71FA26008C037B /* VisitPillView.swift */ = {isa = PBXFileReference; lastKnownFileType = sourcecode.swift; path = VisitPillView.swift; sourceTree = "<group>"; };
		45F6B69E2B63D05A00931EEB /* jpex.app */ = {isa = PBXFileReference; explicitFileType = wrapper.application; includeInIndex = 0; path = jpex.app; sourceTree = BUILT_PRODUCTS_DIR; };
		45F6B6A12B63D05A00931EEB /* jpexApp.swift */ = {isa = PBXFileReference; lastKnownFileType = sourcecode.swift; path = jpexApp.swift; sourceTree = "<group>"; };
		45F6B6A32B63D05A00931EEB /* ContentView.swift */ = {isa = PBXFileReference; lastKnownFileType = sourcecode.swift; path = ContentView.swift; sourceTree = "<group>"; };
		45F6B6A52B63D05B00931EEB /* Assets.xcassets */ = {isa = PBXFileReference; lastKnownFileType = folder.assetcatalog; path = Assets.xcassets; sourceTree = "<group>"; };
		45F6B6A82B63D05B00931EEB /* Preview Assets.xcassets */ = {isa = PBXFileReference; lastKnownFileType = folder.assetcatalog; path = "Preview Assets.xcassets"; sourceTree = "<group>"; };
		45F6B6B02B63D0D200931EEB /* mie.geojson */ = {isa = PBXFileReference; lastKnownFileType = text; path = mie.geojson; sourceTree = "<group>"; };
		45F6B6B22B63DAAC00931EEB /* Prefecture.swift */ = {isa = PBXFileReference; lastKnownFileType = sourcecode.swift; path = Prefecture.swift; sourceTree = "<group>"; };
		45F6B6B42B63E0E500931EEB /* PrefectureView.swift */ = {isa = PBXFileReference; lastKnownFileType = sourcecode.swift; path = PrefectureView.swift; sourceTree = "<group>"; };
		45F6B6B62B63E3C200931EEB /* VisitStatus.swift */ = {isa = PBXFileReference; lastKnownFileType = sourcecode.swift; path = VisitStatus.swift; sourceTree = "<group>"; };
		45FB0A3A2B70C6EA00517EF0 /* HomeView.swift */ = {isa = PBXFileReference; lastKnownFileType = sourcecode.swift; path = HomeView.swift; sourceTree = "<group>"; };
		45FB0A3C2B70CB9E00517EF0 /* PrefectureSave.swift */ = {isa = PBXFileReference; lastKnownFileType = sourcecode.swift; path = PrefectureSave.swift; sourceTree = "<group>"; };
		45FE34292B723518006BF802 /* ProgressBarView.swift */ = {isa = PBXFileReference; lastKnownFileType = sourcecode.swift; path = ProgressBarView.swift; sourceTree = "<group>"; };
/* End PBXFileReference section */

/* Begin PBXFrameworksBuildPhase section */
		45F6B69B2B63D05A00931EEB /* Frameworks */ = {
			isa = PBXFrameworksBuildPhase;
			buildActionMask = 2147483647;
			files = (
			);
			runOnlyForDeploymentPostprocessing = 0;
		};
/* End PBXFrameworksBuildPhase section */

/* Begin PBXGroup section */
		45F6B6952B63D05A00931EEB = {
			isa = PBXGroup;
			children = (
				45F6B6A02B63D05A00931EEB /* jpex */,
				45F6B69F2B63D05A00931EEB /* Products */,
			);
			sourceTree = "<group>";
		};
		45F6B69F2B63D05A00931EEB /* Products */ = {
			isa = PBXGroup;
			children = (
				45F6B69E2B63D05A00931EEB /* jpex.app */,
			);
			name = Products;
			sourceTree = "<group>";
		};
		45F6B6A02B63D05A00931EEB /* jpex */ = {
			isa = PBXGroup;
			children = (
				45F6B6AF2B63D0A700931EEB /* japan */,
				45F6B6A12B63D05A00931EEB /* jpexApp.swift */,
				4552E7662B64CFD600EEB0F0 /* SaveModel.swift */,
				45F6B6A32B63D05A00931EEB /* ContentView.swift */,
				45FE34292B723518006BF802 /* ProgressBarView.swift */,
				45B3358E2B71FA26008C037B /* VisitPillView.swift */,
				45FB0A3A2B70C6EA00517EF0 /* HomeView.swift */,
				45F6B6B22B63DAAC00931EEB /* Prefecture.swift */,
				45FB0A3C2B70CB9E00517EF0 /* PrefectureSave.swift */,
				45F6B6B62B63E3C200931EEB /* VisitStatus.swift */,
				45F6B6A52B63D05B00931EEB /* Assets.xcassets */,
				45F6B6A72B63D05B00931EEB /* Preview Content */,
				45F6B6B42B63E0E500931EEB /* PrefectureView.swift */,
			);
			path = jpex;
			sourceTree = "<group>";
		};
		45F6B6A72B63D05B00931EEB /* Preview Content */ = {
			isa = PBXGroup;
			children = (
				45F6B6A82B63D05B00931EEB /* Preview Assets.xcassets */,
			);
			path = "Preview Content";
			sourceTree = "<group>";
		};
		45F6B6AF2B63D0A700931EEB /* japan */ = {
			isa = PBXGroup;
			children = (
				45B3358C2B71E0EE008C037B /* 01_flag_Hokkaido.png */,
				45F6B6B02B63D0D200931EEB /* mie.geojson */,
			);
			path = japan;
			sourceTree = "<group>";
		};
/* End PBXGroup section */

/* Begin PBXNativeTarget section */
		45F6B69D2B63D05A00931EEB /* jpex */ = {
			isa = PBXNativeTarget;
			buildConfigurationList = 45F6B6AC2B63D05B00931EEB /* Build configuration list for PBXNativeTarget "jpex" */;
			buildPhases = (
				45F6B69A2B63D05A00931EEB /* Sources */,
				45F6B69B2B63D05A00931EEB /* Frameworks */,
				45F6B69C2B63D05A00931EEB /* Resources */,
			);
			buildRules = (
			);
			dependencies = (
			);
			name = jpex;
			productName = jpex;
			productReference = 45F6B69E2B63D05A00931EEB /* jpex.app */;
			productType = "com.apple.product-type.application";
		};
/* End PBXNativeTarget section */

/* Begin PBXProject section */
		45F6B6962B63D05A00931EEB /* Project object */ = {
			isa = PBXProject;
			attributes = {
				BuildIndependentTargetsInParallel = 1;
				LastSwiftUpdateCheck = 1500;
				LastUpgradeCheck = 1500;
				TargetAttributes = {
					45F6B69D2B63D05A00931EEB = {
						CreatedOnToolsVersion = 15.0;
					};
				};
			};
			buildConfigurationList = 45F6B6992B63D05A00931EEB /* Build configuration list for PBXProject "jpex" */;
			compatibilityVersion = "Xcode 14.0";
			developmentRegion = en;
			hasScannedForEncodings = 0;
			knownRegions = (
				en,
				Base,
			);
			mainGroup = 45F6B6952B63D05A00931EEB;
			productRefGroup = 45F6B69F2B63D05A00931EEB /* Products */;
			projectDirPath = "";
			projectRoot = "";
			targets = (
				45F6B69D2B63D05A00931EEB /* jpex */,
			);
		};
/* End PBXProject section */

/* Begin PBXResourcesBuildPhase section */
		45F6B69C2B63D05A00931EEB /* Resources */ = {
			isa = PBXResourcesBuildPhase;
			buildActionMask = 2147483647;
			files = (
				45F6B6A92B63D05B00931EEB /* Preview Assets.xcassets in Resources */,
				45F6B6A62B63D05B00931EEB /* Assets.xcassets in Resources */,
				45B3358D2B71E0EE008C037B /* 01_flag_Hokkaido.png in Resources */,
				45F6B6B12B63D0D200931EEB /* mie.geojson in Resources */,
			);
			runOnlyForDeploymentPostprocessing = 0;
		};
/* End PBXResourcesBuildPhase section */

/* Begin PBXSourcesBuildPhase section */
		45F6B69A2B63D05A00931EEB /* Sources */ = {
			isa = PBXSourcesBuildPhase;
			buildActionMask = 2147483647;
			files = (
				45F6B6B32B63DAAC00931EEB /* Prefecture.swift in Sources */,
				45FB0A3B2B70C6EA00517EF0 /* HomeView.swift in Sources */,
				45F6B6A42B63D05A00931EEB /* ContentView.swift in Sources */,
				45B3358F2B71FA26008C037B /* VisitPillView.swift in Sources */,
				45FB0A3D2B70CB9E00517EF0 /* PrefectureSave.swift in Sources */,
				4552E7672B64CFD600EEB0F0 /* SaveModel.swift in Sources */,
				45F6B6A22B63D05A00931EEB /* jpexApp.swift in Sources */,
				45F6B6B52B63E0E500931EEB /* PrefectureView.swift in Sources */,
				45F6B6B72B63E3C200931EEB /* VisitStatus.swift in Sources */,
				45FE342A2B723518006BF802 /* ProgressBarView.swift in Sources */,
			);
			runOnlyForDeploymentPostprocessing = 0;
		};
/* End PBXSourcesBuildPhase section */

/* Begin XCBuildConfiguration section */
		45F6B6AA2B63D05B00931EEB /* Debug */ = {
			isa = XCBuildConfiguration;
			buildSettings = {
				ALWAYS_SEARCH_USER_PATHS = NO;
				ASSETCATALOG_COMPILER_GENERATE_SWIFT_ASSET_SYMBOL_EXTENSIONS = YES;
				CLANG_ANALYZER_NONNULL = YES;
				CLANG_ANALYZER_NUMBER_OBJECT_CONVERSION = YES_AGGRESSIVE;
				CLANG_CXX_LANGUAGE_STANDARD = "gnu++20";
				CLANG_ENABLE_MODULES = YES;
				CLANG_ENABLE_OBJC_ARC = YES;
				CLANG_ENABLE_OBJC_WEAK = YES;
				CLANG_WARN_BLOCK_CAPTURE_AUTORELEASING = YES;
				CLANG_WARN_BOOL_CONVERSION = YES;
				CLANG_WARN_COMMA = YES;
				CLANG_WARN_CONSTANT_CONVERSION = YES;
				CLANG_WARN_DEPRECATED_OBJC_IMPLEMENTATIONS = YES;
				CLANG_WARN_DIRECT_OBJC_ISA_USAGE = YES_ERROR;
				CLANG_WARN_DOCUMENTATION_COMMENTS = YES;
				CLANG_WARN_EMPTY_BODY = YES;
				CLANG_WARN_ENUM_CONVERSION = YES;
				CLANG_WARN_INFINITE_RECURSION = YES;
				CLANG_WARN_INT_CONVERSION = YES;
				CLANG_WARN_NON_LITERAL_NULL_CONVERSION = YES;
				CLANG_WARN_OBJC_IMPLICIT_RETAIN_SELF = YES;
				CLANG_WARN_OBJC_LITERAL_CONVERSION = YES;
				CLANG_WARN_OBJC_ROOT_CLASS = YES_ERROR;
				CLANG_WARN_QUOTED_INCLUDE_IN_FRAMEWORK_HEADER = YES;
				CLANG_WARN_RANGE_LOOP_ANALYSIS = YES;
				CLANG_WARN_STRICT_PROTOTYPES = YES;
				CLANG_WARN_SUSPICIOUS_MOVE = YES;
				CLANG_WARN_UNGUARDED_AVAILABILITY = YES_AGGRESSIVE;
				CLANG_WARN_UNREACHABLE_CODE = YES;
				CLANG_WARN__DUPLICATE_METHOD_MATCH = YES;
				COPY_PHASE_STRIP = NO;
				DEBUG_INFORMATION_FORMAT = dwarf;
				ENABLE_STRICT_OBJC_MSGSEND = YES;
				ENABLE_TESTABILITY = YES;
				ENABLE_USER_SCRIPT_SANDBOXING = YES;
				GCC_C_LANGUAGE_STANDARD = gnu17;
				GCC_DYNAMIC_NO_PIC = NO;
				GCC_NO_COMMON_BLOCKS = YES;
				GCC_OPTIMIZATION_LEVEL = 0;
				GCC_PREPROCESSOR_DEFINITIONS = (
					"DEBUG=1",
					"$(inherited)",
				);
				GCC_WARN_64_TO_32_BIT_CONVERSION = YES;
				GCC_WARN_ABOUT_RETURN_TYPE = YES_ERROR;
				GCC_WARN_UNDECLARED_SELECTOR = YES;
				GCC_WARN_UNINITIALIZED_AUTOS = YES_AGGRESSIVE;
				GCC_WARN_UNUSED_FUNCTION = YES;
				GCC_WARN_UNUSED_VARIABLE = YES;
				IPHONEOS_DEPLOYMENT_TARGET = 17.0;
				LOCALIZATION_PREFERS_STRING_CATALOGS = YES;
				MTL_ENABLE_DEBUG_INFO = INCLUDE_SOURCE;
				MTL_FAST_MATH = YES;
				ONLY_ACTIVE_ARCH = YES;
				SDKROOT = iphoneos;
				SWIFT_ACTIVE_COMPILATION_CONDITIONS = "DEBUG $(inherited)";
				SWIFT_OPTIMIZATION_LEVEL = "-Onone";
			};
			name = Debug;
		};
		45F6B6AB2B63D05B00931EEB /* Release */ = {
			isa = XCBuildConfiguration;
			buildSettings = {
				ALWAYS_SEARCH_USER_PATHS = NO;
				ASSETCATALOG_COMPILER_GENERATE_SWIFT_ASSET_SYMBOL_EXTENSIONS = YES;
				CLANG_ANALYZER_NONNULL = YES;
				CLANG_ANALYZER_NUMBER_OBJECT_CONVERSION = YES_AGGRESSIVE;
				CLANG_CXX_LANGUAGE_STANDARD = "gnu++20";
				CLANG_ENABLE_MODULES = YES;
				CLANG_ENABLE_OBJC_ARC = YES;
				CLANG_ENABLE_OBJC_WEAK = YES;
				CLANG_WARN_BLOCK_CAPTURE_AUTORELEASING = YES;
				CLANG_WARN_BOOL_CONVERSION = YES;
				CLANG_WARN_COMMA = YES;
				CLANG_WARN_CONSTANT_CONVERSION = YES;
				CLANG_WARN_DEPRECATED_OBJC_IMPLEMENTATIONS = YES;
				CLANG_WARN_DIRECT_OBJC_ISA_USAGE = YES_ERROR;
				CLANG_WARN_DOCUMENTATION_COMMENTS = YES;
				CLANG_WARN_EMPTY_BODY = YES;
				CLANG_WARN_ENUM_CONVERSION = YES;
				CLANG_WARN_INFINITE_RECURSION = YES;
				CLANG_WARN_INT_CONVERSION = YES;
				CLANG_WARN_NON_LITERAL_NULL_CONVERSION = YES;
				CLANG_WARN_OBJC_IMPLICIT_RETAIN_SELF = YES;
				CLANG_WARN_OBJC_LITERAL_CONVERSION = YES;
				CLANG_WARN_OBJC_ROOT_CLASS = YES_ERROR;
				CLANG_WARN_QUOTED_INCLUDE_IN_FRAMEWORK_HEADER = YES;
				CLANG_WARN_RANGE_LOOP_ANALYSIS = YES;
				CLANG_WARN_STRICT_PROTOTYPES = YES;
				CLANG_WARN_SUSPICIOUS_MOVE = YES;
				CLANG_WARN_UNGUARDED_AVAILABILITY = YES_AGGRESSIVE;
				CLANG_WARN_UNREACHABLE_CODE = YES;
				CLANG_WARN__DUPLICATE_METHOD_MATCH = YES;
				COPY_PHASE_STRIP = NO;
				DEBUG_INFORMATION_FORMAT = "dwarf-with-dsym";
				ENABLE_NS_ASSERTIONS = NO;
				ENABLE_STRICT_OBJC_MSGSEND = YES;
				ENABLE_USER_SCRIPT_SANDBOXING = YES;
				GCC_C_LANGUAGE_STANDARD = gnu17;
				GCC_NO_COMMON_BLOCKS = YES;
				GCC_WARN_64_TO_32_BIT_CONVERSION = YES;
				GCC_WARN_ABOUT_RETURN_TYPE = YES_ERROR;
				GCC_WARN_UNDECLARED_SELECTOR = YES;
				GCC_WARN_UNINITIALIZED_AUTOS = YES_AGGRESSIVE;
				GCC_WARN_UNUSED_FUNCTION = YES;
				GCC_WARN_UNUSED_VARIABLE = YES;
				IPHONEOS_DEPLOYMENT_TARGET = 17.0;
				LOCALIZATION_PREFERS_STRING_CATALOGS = YES;
				MTL_ENABLE_DEBUG_INFO = NO;
				MTL_FAST_MATH = YES;
				SDKROOT = iphoneos;
				SWIFT_COMPILATION_MODE = wholemodule;
				VALIDATE_PRODUCT = YES;
			};
			name = Release;
		};
		45F6B6AD2B63D05B00931EEB /* Debug */ = {
			isa = XCBuildConfiguration;
			buildSettings = {
				ASSETCATALOG_COMPILER_APPICON_NAME = AppIcon;
				ASSETCATALOG_COMPILER_GLOBAL_ACCENT_COLOR_NAME = AccentColor;
				CODE_SIGN_STYLE = Automatic;
				CURRENT_PROJECT_VERSION = 1;
				DEVELOPMENT_ASSET_PATHS = "\"jpex/Preview Content\"";
				DEVELOPMENT_TEAM = 58QL7E6Z98;
				ENABLE_PREVIEWS = YES;
				GENERATE_INFOPLIST_FILE = YES;
				INFOPLIST_KEY_UIApplicationSceneManifest_Generation = YES;
				INFOPLIST_KEY_UIApplicationSupportsIndirectInputEvents = YES;
				INFOPLIST_KEY_UILaunchScreen_Generation = YES;
				INFOPLIST_KEY_UISupportedInterfaceOrientations_iPad = "UIInterfaceOrientationPortrait UIInterfaceOrientationPortraitUpsideDown UIInterfaceOrientationLandscapeLeft UIInterfaceOrientationLandscapeRight";
				INFOPLIST_KEY_UISupportedInterfaceOrientations_iPhone = "UIInterfaceOrientationPortrait UIInterfaceOrientationLandscapeLeft UIInterfaceOrientationLandscapeRight";
				LD_RUNPATH_SEARCH_PATHS = (
					"$(inherited)",
					"@executable_path/Frameworks",
				);
				MARKETING_VERSION = 1.0;
				PRODUCT_BUNDLE_IDENTIFIER = itemic.jpex;
				PRODUCT_NAME = "$(TARGET_NAME)";
				SWIFT_EMIT_LOC_STRINGS = YES;
				SWIFT_VERSION = 5.0;
				TARGETED_DEVICE_FAMILY = "1,2";
			};
			name = Debug;
		};
		45F6B6AE2B63D05B00931EEB /* Release */ = {
			isa = XCBuildConfiguration;
			buildSettings = {
				ASSETCATALOG_COMPILER_APPICON_NAME = AppIcon;
				ASSETCATALOG_COMPILER_GLOBAL_ACCENT_COLOR_NAME = AccentColor;
				CODE_SIGN_STYLE = Automatic;
				CURRENT_PROJECT_VERSION = 1;
				DEVELOPMENT_ASSET_PATHS = "\"jpex/Preview Content\"";
				DEVELOPMENT_TEAM = 58QL7E6Z98;
				ENABLE_PREVIEWS = YES;
				GENERATE_INFOPLIST_FILE = YES;
				INFOPLIST_KEY_UIApplicationSceneManifest_Generation = YES;
				INFOPLIST_KEY_UIApplicationSupportsIndirectInputEvents = YES;
				INFOPLIST_KEY_UILaunchScreen_Generation = YES;
				INFOPLIST_KEY_UISupportedInterfaceOrientations_iPad = "UIInterfaceOrientationPortrait UIInterfaceOrientationPortraitUpsideDown UIInterfaceOrientationLandscapeLeft UIInterfaceOrientationLandscapeRight";
				INFOPLIST_KEY_UISupportedInterfaceOrientations_iPhone = "UIInterfaceOrientationPortrait UIInterfaceOrientationLandscapeLeft UIInterfaceOrientationLandscapeRight";
				LD_RUNPATH_SEARCH_PATHS = (
					"$(inherited)",
					"@executable_path/Frameworks",
				);
				MARKETING_VERSION = 1.0;
				PRODUCT_BUNDLE_IDENTIFIER = itemic.jpex;
				PRODUCT_NAME = "$(TARGET_NAME)";
				SWIFT_EMIT_LOC_STRINGS = YES;
				SWIFT_VERSION = 5.0;
				TARGETED_DEVICE_FAMILY = "1,2";
			};
			name = Release;
		};
/* End XCBuildConfiguration section */

/* Begin XCConfigurationList section */
		45F6B6992B63D05A00931EEB /* Build configuration list for PBXProject "jpex" */ = {
			isa = XCConfigurationList;
			buildConfigurations = (
				45F6B6AA2B63D05B00931EEB /* Debug */,
				45F6B6AB2B63D05B00931EEB /* Release */,
			);
			defaultConfigurationIsVisible = 0;
			defaultConfigurationName = Release;
		};
		45F6B6AC2B63D05B00931EEB /* Build configuration list for PBXNativeTarget "jpex" */ = {
			isa = XCConfigurationList;
			buildConfigurations = (
				45F6B6AD2B63D05B00931EEB /* Debug */,
				45F6B6AE2B63D05B00931EEB /* Release */,
			);
			defaultConfigurationIsVisible = 0;
			defaultConfigurationName = Release;
		};
/* End XCConfigurationList section */
	};
	rootObject = 45F6B6962B63D05A00931EEB /* Project object */;
}
